
Microsoft Visual Studio Solution File, Format Version 12.00
# Visual Studio 15
VisualStudioVersion = 15.0.28307.168
MinimumVisualStudioVersion = 10.0.40219.1
Project("{FAE04EC0-301F-11D3-BF4B-00C04F79EFBC}") = "WebhookLearning", "WebhookLearning\WebhookLearning.csproj", "{A453C8A0-E978-490E-A3AA-2BFA53A6775F}"
EndProject
Global
	GlobalSection(SolutionConfigurationPlatforms) = preSolution
		Debug|Any CPU = Debug|Any CPU
		Release|Any CPU = Release|Any CPU
	EndGlobalSection
	GlobalSection(ProjectConfigurationPlatforms) = postSolution
		{A453C8A0-E978-490E-A3AA-2BFA53A6775F}.Debug|Any CPU.ActiveCfg = Debug|Any CPU
		{A453C8A0-E978-490E-A3AA-2BFA53A6775F}.Debug|Any CPU.Build.0 = Debug|Any CPU
		{A453C8A0-E978-490E-A3AA-2BFA53A6775F}.Release|Any CPU.ActiveCfg = Release|Any CPU
		{A453C8A0-E978-490E-A3AA-2BFA53A6775F}.Release|Any CPU.Build.0 = Release|Any CPU
	EndGlobalSection
	GlobalSection(SolutionProperties) = preSolution
		HideSolutionNode = FALSE
	EndGlobalSection
	GlobalSection(ExtensibilityGlobals) = postSolution
		SolutionGuid = {E2CFB3E7-985B-41A5-B3A0-26150E8B526C}
	EndGlobalSection
EndGlobal
